
Microsoft Visual Studio Solution File, Format Version 12.00
# Visual Studio Version 17
VisualStudioVersion = 17.5.002.0
MinimumVisualStudioVersion = 10.0.40219.1
Project("{9A19103F-16F7-4668-BE54-9A1E7A4F7556}") = "Recursive_Metotlar", "Recursive_Metotlar.csproj", "{AFA629C7-B31C-4EE4-9A30-D1B5BA23F275}"
EndProject
Global
	GlobalSection(SolutionConfigurationPlatforms) = preSolution
		Debug|Any CPU = Debug|Any CPU
		Release|Any CPU = Release|Any CPU
	EndGlobalSection
	GlobalSection(ProjectConfigurationPlatforms) = postSolution
		{AFA629C7-B31C-4EE4-9A30-D1B5BA23F275}.Debug|Any CPU.ActiveCfg = Debug|Any CPU
		{AFA629C7-B31C-4EE4-9A30-D1B5BA23F275}.Debug|Any CPU.Build.0 = Debug|Any CPU
		{AFA629C7-B31C-4EE4-9A30-D1B5BA23F275}.Release|Any CPU.ActiveCfg = Release|Any CPU
		{AFA629C7-B31C-4EE4-9A30-D1B5BA23F275}.Release|Any CPU.Build.0 = Release|Any CPU
	EndGlobalSection
	GlobalSection(SolutionProperties) = preSolution
		HideSolutionNode = FALSE
	EndGlobalSection
	GlobalSection(ExtensibilityGlobals) = postSolution
		SolutionGuid = {39070ECF-9A4A-41B3-B728-1EFC6207A6DE}
	EndGlobalSection
EndGlobal
